
Microsoft Visual Studio Solution File, Format Version 12.00
# Visual Studio 2012
Project("{FAE04EC0-301F-11D3-BF4B-00C04F79EFBC}") = "CMS.WebService", "CMS\CMS.WebService.csproj", "{0C7F83A0-4C3C-4FE1-B59D-10621B7E8F92}"
EndProject
Project("{FAE04EC0-301F-11D3-BF4B-00C04F79EFBC}") = "CMS.DataModel", "CMS.DataModel\CMS.DataModel.csproj", "{3D9229F9-8566-4B27-AE06-D1218A431256}"
EndProject
Project("{FAE04EC0-301F-11D3-BF4B-00C04F79EFBC}") = "CmsWebService.ConsoleClient", "..\CmsWebServiceUnitTests\CmsWebService.ConsoleClient\CmsWebService.ConsoleClient.csproj", "{0E0611C5-C713-42B8-944B-8B11E616598C}"
EndProject
Global
	GlobalSection(SolutionConfigurationPlatforms) = preSolution
		Debug|Any CPU = Debug|Any CPU
		Release|Any CPU = Release|Any CPU
	EndGlobalSection
	GlobalSection(ProjectConfigurationPlatforms) = postSolution
		{0C7F83A0-4C3C-4FE1-B59D-10621B7E8F92}.Debug|Any CPU.ActiveCfg = Debug|Any CPU
		{0C7F83A0-4C3C-4FE1-B59D-10621B7E8F92}.Debug|Any CPU.Build.0 = Debug|Any CPU
		{0C7F83A0-4C3C-4FE1-B59D-10621B7E8F92}.Release|Any CPU.ActiveCfg = Release|Any CPU
		{0C7F83A0-4C3C-4FE1-B59D-10621B7E8F92}.Release|Any CPU.Build.0 = Release|Any CPU
		{3D9229F9-8566-4B27-AE06-D1218A431256}.Debug|Any CPU.ActiveCfg = Debug|Any CPU
		{3D9229F9-8566-4B27-AE06-D1218A431256}.Debug|Any CPU.Build.0 = Debug|Any CPU
		{3D9229F9-8566-4B27-AE06-D1218A431256}.Release|Any CPU.ActiveCfg = Release|Any CPU
		{3D9229F9-8566-4B27-AE06-D1218A431256}.Release|Any CPU.Build.0 = Release|Any CPU
		{0E0611C5-C713-42B8-944B-8B11E616598C}.Debug|Any CPU.ActiveCfg = Debug|Any CPU
		{0E0611C5-C713-42B8-944B-8B11E616598C}.Debug|Any CPU.Build.0 = Debug|Any CPU
		{0E0611C5-C713-42B8-944B-8B11E616598C}.Release|Any CPU.ActiveCfg = Release|Any CPU
		{0E0611C5-C713-42B8-944B-8B11E616598C}.Release|Any CPU.Build.0 = Release|Any CPU
	EndGlobalSection
	GlobalSection(SolutionProperties) = preSolution
		HideSolutionNode = FALSE
	EndGlobalSection
EndGlobal
